
Microsoft Visual Studio Solution File, Format Version 12.00
# Visual Studio Version 17
VisualStudioVersion = 17.8.34525.116
MinimumVisualStudioVersion = 10.0.40219.1
Project("{FAE04EC0-301F-11D3-BF4B-00C04F79EFBC}") = "5thTry", "5thTry\5thTry.csproj", "{F628960C-5452-46A6-BFD8-4A1F8F0C99ED}"
EndProject
Global
	GlobalSection(SolutionConfigurationPlatforms) = preSolution
		Debug|Any CPU = Debug|Any CPU
		Release|Any CPU = Release|Any CPU
	EndGlobalSection
	GlobalSection(ProjectConfigurationPlatforms) = postSolution
		{F628960C-5452-46A6-BFD8-4A1F8F0C99ED}.Debug|Any CPU.ActiveCfg = Debug|Any CPU
		{F628960C-5452-46A6-BFD8-4A1F8F0C99ED}.Debug|Any CPU.Build.0 = Debug|Any CPU
		{F628960C-5452-46A6-BFD8-4A1F8F0C99ED}.Release|Any CPU.ActiveCfg = Release|Any CPU
		{F628960C-5452-46A6-BFD8-4A1F8F0C99ED}.Release|Any CPU.Build.0 = Release|Any CPU
	EndGlobalSection
	GlobalSection(SolutionProperties) = preSolution
		HideSolutionNode = FALSE
	EndGlobalSection
	GlobalSection(ExtensibilityGlobals) = postSolution
		SolutionGuid = {466D13A8-7244-44F8-9A30-3A428A968B14}
	EndGlobalSection
EndGlobal
